
Microsoft Visual Studio Solution File, Format Version 12.00
# Visual Studio Version 17
VisualStudioVersion = 17.0.31521.260
MinimumVisualStudioVersion = 10.0.40219.1
Project("{8BC9CEB8-8B4A-11D0-8D11-00A0C91BC942}") = "Pleiades", "Pleiades\Pleiades.vcxproj", "{8B637C83-A72E-482D-A65A-075D0B4C1F73}"
EndProject
Project("{8BC9CEB8-8B4A-11D0-8D11-00A0C91BC942}") = "ImGui Interface", "ImGui Interface\ImGui Interface.vcxproj", "{01DDC9DC-A143-4632-98EB-F84B9E514AC4}"
EndProject
Project("{8BC9CEB8-8B4A-11D0-8D11-00A0C91BC942}") = "Simple Log", "Simple Log\Simple Log.vcxproj", "{13AE13B6-2740-4DE9-A9BB-3D964D1802B4}"
EndProject
Project("{8BC9CEB8-8B4A-11D0-8D11-00A0C91BC942}") = "HookTests", "HookTests\HookTests.vcxproj", "{0DC261C0-DC48-43EE-824E-2B1903092189}"
EndProject
Global
	GlobalSection(SolutionConfigurationPlatforms) = preSolution
		Debug|x64 = Debug|x64
		Debug|x86 = Debug|x86
		Release|x64 = Release|x64
		Release|x86 = Release|x86
	EndGlobalSection
	GlobalSection(ProjectConfigurationPlatforms) = postSolution
		{8B637C83-A72E-482D-A65A-075D0B4C1F73}.Debug|x64.ActiveCfg = Debug|x64
		{8B637C83-A72E-482D-A65A-075D0B4C1F73}.Debug|x64.Build.0 = Debug|x64
		{8B637C83-A72E-482D-A65A-075D0B4C1F73}.Debug|x86.ActiveCfg = Debug|Win32
		{8B637C83-A72E-482D-A65A-075D0B4C1F73}.Debug|x86.Build.0 = Debug|Win32
		{8B637C83-A72E-482D-A65A-075D0B4C1F73}.Release|x64.ActiveCfg = Release|x64
		{8B637C83-A72E-482D-A65A-075D0B4C1F73}.Release|x64.Build.0 = Release|x64
		{8B637C83-A72E-482D-A65A-075D0B4C1F73}.Release|x86.ActiveCfg = Release|Win32
		{8B637C83-A72E-482D-A65A-075D0B4C1F73}.Release|x86.Build.0 = Release|Win32
		{01DDC9DC-A143-4632-98EB-F84B9E514AC4}.Debug|x64.ActiveCfg = Debug|x64
		{01DDC9DC-A143-4632-98EB-F84B9E514AC4}.Debug|x64.Build.0 = Debug|x64
		{01DDC9DC-A143-4632-98EB-F84B9E514AC4}.Debug|x86.ActiveCfg = Debug|Win32
		{01DDC9DC-A143-4632-98EB-F84B9E514AC4}.Debug|x86.Build.0 = Debug|Win32
		{01DDC9DC-A143-4632-98EB-F84B9E514AC4}.Release|x64.ActiveCfg = Release|x64
		{01DDC9DC-A143-4632-98EB-F84B9E514AC4}.Release|x64.Build.0 = Release|x64
		{01DDC9DC-A143-4632-98EB-F84B9E514AC4}.Release|x86.ActiveCfg = Release|Win32
		{01DDC9DC-A143-4632-98EB-F84B9E514AC4}.Release|x86.Build.0 = Release|Win32
		{13AE13B6-2740-4DE9-A9BB-3D964D1802B4}.Debug|x64.ActiveCfg = Debug|x64
		{13AE13B6-2740-4DE9-A9BB-3D964D1802B4}.Debug|x64.Build.0 = Debug|x64
		{13AE13B6-2740-4DE9-A9BB-3D964D1802B4}.Debug|x86.ActiveCfg = Debug|Win32
		{13AE13B6-2740-4DE9-A9BB-3D964D1802B4}.Debug|x86.Build.0 = Debug|Win32
		{13AE13B6-2740-4DE9-A9BB-3D964D1802B4}.Release|x64.ActiveCfg = Release|x64
		{13AE13B6-2740-4DE9-A9BB-3D964D1802B4}.Release|x64.Build.0 = Release|x64
		{13AE13B6-2740-4DE9-A9BB-3D964D1802B4}.Release|x86.ActiveCfg = Release|Win32
		{13AE13B6-2740-4DE9-A9BB-3D964D1802B4}.Release|x86.Build.0 = Release|Win32
		{0DC261C0-DC48-43EE-824E-2B1903092189}.Debug|x64.ActiveCfg = Debug|x64
		{0DC261C0-DC48-43EE-824E-2B1903092189}.Debug|x64.Build.0 = Debug|x64
		{0DC261C0-DC48-43EE-824E-2B1903092189}.Debug|x86.ActiveCfg = Debug|Win32
		{0DC261C0-DC48-43EE-824E-2B1903092189}.Debug|x86.Build.0 = Debug|Win32
		{0DC261C0-DC48-43EE-824E-2B1903092189}.Release|x64.ActiveCfg = Release|x64
		{0DC261C0-DC48-43EE-824E-2B1903092189}.Release|x64.Build.0 = Release|x64
		{0DC261C0-DC48-43EE-824E-2B1903092189}.Release|x86.ActiveCfg = Release|Win32
		{0DC261C0-DC48-43EE-824E-2B1903092189}.Release|x86.Build.0 = Release|Win32
	EndGlobalSection
	GlobalSection(SolutionProperties) = preSolution
		HideSolutionNode = FALSE
	EndGlobalSection
	GlobalSection(ExtensibilityGlobals) = postSolution
		SolutionGuid = {1A10350A-490E-4253-95A7-B4E292353556}
	EndGlobalSection
EndGlobal
