<?xml version="1.0" encoding="utf-8"?>
<Project ToolsVersion="4.0" xmlns="http://schemas.microsoft.com/developer/msbuild/2003">
  <ItemGroup>
    <Filter Include="Source Files">
      <UniqueIdentifier>{4FC737F1-C7A5-4376-A066-2A32D752A2FF}</UniqueIdentifier>
      <Extensions>cpp;c;cc;cxx;c++;cppm;ixx;def;odl;idl;hpj;bat;asm;asmx</Extensions>
    </Filter>
    <Filter Include="Header Files">
      <UniqueIdentifier>{93995380-89BD-4b04-88EB-625FBE52EBFB}</UniqueIdentifier>
      <Extensions>h;hh;hpp;hxx;h++;hm;inl;inc;ipp;xsd</Extensions>
    </Filter>
    <Filter Include="Resource Files">
      <UniqueIdentifier>{67DA6AB6-F800-4c08-8B7A-83BB121AAD01}</UniqueIdentifier>
      <Extensions>rc;ico;cur;bmp;dlg;rc2;rct;bin;rgs;gif;jpg;jpeg;jpe;resx;tiff;tif;png;wav;mfcribbon-ms</Extensions>
    </Filter>
  </ItemGroup>
  <ItemGroup>
    <ClCompile Include="dllmain.cpp">
      <Filter>Source Files</Filter>
    </ClCompile>
    <ClCompile Include="Impl\Library\LibrarySys.cpp">
      <Filter>Source Files</Filter>
    </ClCompile>
    <ClCompile Include="Impl\Plugins\PluginManager.cpp">
      <Filter>Source Files</Filter>
    </ClCompile>
    <ClCompile Include="Impl\Plugins\PluginContext.cpp">
      <Filter>Source Files</Filter>
    </ClCompile>
    <ClCompile Include="Impl\Interfaces\EventManager.cpp">
      <Filter>Source Files</Filter>
    </ClCompile>
    <ClCompile Include="Impl\Interfaces\InterfaceSys.cpp">
      <Filter>Source Files</Filter>
    </ClCompile>
    <ClCompile Include="Impl\Library\MemoryModule.cpp">
      <Filter>Source Files</Filter>
    </ClCompile>
    <ClCompile Include="Impl\Interfaces\Logger.cpp">
      <Filter>Source Files</Filter>
    </ClCompile>
    <ClCompile Include="Impl\DetoursMan\CallContext.cpp">
      <Filter>Source Files</Filter>
    </ClCompile>
    <ClCompile Include="Impl\DetoursMan\HookInstance.cpp">
      <Filter>Source Files</Filter>
    </ClCompile>
    <ClCompile Include="Impl\DetoursMan\SigBuilder.cpp">
      <Filter>Source Files</Filter>
    </ClCompile>
    <ClCompile Include="Impl\DetoursMan\TypeTable.cpp">
      <Filter>Source Files</Filter>
    </ClCompile>
    <ClCompile Include="Impl\DetoursMan\MSDetour\creatwth.cpp">
      <Filter>Source Files</Filter>
    </ClCompile>
    <ClCompile Include="Impl\DetoursMan\MSDetour\detours.cpp">
      <Filter>Source Files</Filter>
    </ClCompile>
    <ClCompile Include="Impl\DetoursMan\MSDetour\disasm.cpp">
      <Filter>Source Files</Filter>
    </ClCompile>
    <ClCompile Include="Impl\DetoursMan\MSDetour\disolarm.cpp">
      <Filter>Source Files</Filter>
    </ClCompile>
    <ClCompile Include="Impl\DetoursMan\MSDetour\disolarm64.cpp">
      <Filter>Source Files</Filter>
    </ClCompile>
    <ClCompile Include="Impl\DetoursMan\MSDetour\disolia64.cpp">
      <Filter>Source Files</Filter>
    </ClCompile>
    <ClCompile Include="Impl\DetoursMan\MSDetour\disolx64.cpp">
      <Filter>Source Files</Filter>
    </ClCompile>
    <ClCompile Include="Impl\DetoursMan\MSDetour\disolx86.cpp">
      <Filter>Source Files</Filter>
    </ClCompile>
    <ClCompile Include="Impl\DetoursMan\MSDetour\image.cpp">
      <Filter>Source Files</Filter>
    </ClCompile>
    <ClCompile Include="Impl\DetoursMan\MSDetour\modules.cpp">
      <Filter>Source Files</Filter>
    </ClCompile>
    <ClCompile Include="Impl\DetoursMan\HooksManager.cpp">
      <Filter>Source Files</Filter>
    </ClCompile>
    <ClCompile Include="Impl\Library\GameData.cpp">
      <Filter>Source Files</Filter>
    </ClCompile>
    <ClCompile Include="Impl\ImGui\Render\Compiled_Fonts\Arimo_Medium.cpp">
      <Filter>Source Files</Filter>
    </ClCompile>
    <ClCompile Include="Impl\ImGui\Render\Compiled_Fonts\FontAwesome900_Solid.cpp">
      <Filter>Source Files</Filter>
    </ClCompile>
    <ClCompile Include="Impl\ImGui\Render\Logger\Filter.cpp">
      <Filter>Source Files</Filter>
    </ClCompile>
    <ClCompile Include="Impl\ImGui\Render\Logger\JsInfo.cpp">
      <Filter>Source Files</Filter>
    </ClCompile>
    <ClCompile Include="Impl\ImGui\Render\Logger\Logger.cpp">
      <Filter>Source Files</Filter>
    </ClCompile>
    <ClCompile Include="Impl\ImGui\Render\PluginManager\PlInfo.cpp">
      <Filter>Source Files</Filter>
    </ClCompile>
    <ClCompile Include="Impl\ImGui\Render\PluginManager\PluginManager.cpp">
      <Filter>Source Files</Filter>
    </ClCompile>
    <ClCompile Include="Impl\ImGui\Render\Profiler\ImPlot\implot.cpp">
      <Filter>Source Files</Filter>
    </ClCompile>
    <ClCompile Include="Impl\ImGui\Render\Profiler\ImPlot\implot_demo.cpp">
      <Filter>Source Files</Filter>
    </ClCompile>
    <ClCompile Include="Impl\ImGui\Render\Profiler\ImPlot\implot_items.cpp">
      <Filter>Source Files</Filter>
    </ClCompile>
    <ClCompile Include="Impl\ImGui\Render\Profiler\Draw.cpp">
      <Filter>Source Files</Filter>
    </ClCompile>
    <ClCompile Include="Impl\ImGui\Render\Profiler\Hierachy.cpp">
      <Filter>Source Files</Filter>
    </ClCompile>
    <ClCompile Include="Impl\ImGui\Render\Profiler\PlotBars.cpp">
      <Filter>Source Files</Filter>
    </ClCompile>
    <ClCompile Include="Impl\ImGui\Render\Profiler\Profiler.cpp">
      <Filter>Source Files</Filter>
    </ClCompile>
    <ClCompile Include="Impl\ImGui\Render\Profiler\SectionHandler.cpp">
      <Filter>Source Files</Filter>
    </ClCompile>
    <ClCompile Include="Impl\ImGui\Render\Profiler\Sorted.cpp">
      <Filter>Source Files</Filter>
    </ClCompile>
    <ClCompile Include="Impl\ImGui\Render\PropManager\PropManager.cpp">
      <Filter>Source Files</Filter>
    </ClCompile>
    <ClCompile Include="Impl\ImGui\Render\Themes\Themes.cpp">
      <Filter>Source Files</Filter>
    </ClCompile>
    <ClCompile Include="Impl\ImGui\Render\MainRenderer.cpp">
      <Filter>Source Files</Filter>
    </ClCompile>
    <ClCompile Include="Impl\ImGui\imgui_endscene_h.cpp">
      <Filter>Source Files</Filter>
    </ClCompile>
    <ClCompile Include="Impl\ImGui\imgui_shared.cpp">
      <Filter>Source Files</Filter>
    </ClCompile>
    <ClCompile Include="Impl\ImGui\imgui.cpp">
      <Filter>Source Files</Filter>
    </ClCompile>
    <ClCompile Include="Impl\ImGui\Backends\imgui_impl_dx9.cpp">
      <Filter>Source Files</Filter>
    </ClCompile>
    <ClCompile Include="Impl\ImGui\Backends\imgui_impl_win32.cpp">
      <Filter>Source Files</Filter>
    </ClCompile>
  </ItemGroup>
  <ItemGroup>
    <ClInclude Include="Impl\Library\LibrarySys.hpp">
      <Filter>Header Files</Filter>
    </ClInclude>
    <ClInclude Include="Impl\Plugins\PluginManager.hpp">
      <Filter>Header Files</Filter>
    </ClInclude>
    <ClInclude Include="Impl\Plugins\PluginContext.hpp">
      <Filter>Header Files</Filter>
    </ClInclude>
    <ClInclude Include="Impl\Interfaces\EventManager.hpp">
      <Filter>Header Files</Filter>
    </ClInclude>
    <ClInclude Include="Impl\Interfaces\Logger.hpp">
      <Filter>Header Files</Filter>
    </ClInclude>
    <ClInclude Include="Impl\DetoursMan\CallContext.hpp">
      <Filter>Header Files</Filter>
    </ClInclude>
    <ClInclude Include="Impl\DetoursMan\Detour.hpp">
      <Filter>Header Files</Filter>
    </ClInclude>
    <ClInclude Include="Impl\DetoursMan\HookInstance.hpp">
      <Filter>Header Files</Filter>
    </ClInclude>
    <ClInclude Include="Impl\DetoursMan\SigBuilder.hpp">
      <Filter>Header Files</Filter>
    </ClInclude>
    <ClInclude Include="Impl\DetoursMan\TypeTable.hpp">
      <Filter>Header Files</Filter>
    </ClInclude>
    <ClInclude Include="Impl\DetoursMan\MSDetour\detours.hpp">
      <Filter>Header Files</Filter>
    </ClInclude>
    <ClInclude Include="Impl\DetoursMan\MSDetour\detver.hpp">
      <Filter>Header Files</Filter>
    </ClInclude>
    <ClInclude Include="Impl\DetoursMan\HooksManager.hpp">
      <Filter>Header Files</Filter>
    </ClInclude>
    <ClInclude Include="Impl\Library\GameData.hpp">
      <Filter>Header Files</Filter>
    </ClInclude>
    <ClInclude Include="Impl\Interfaces\Profiler.hpp">
      <Filter>Header Files</Filter>
    </ClInclude>
    <ClInclude Include="Impl\ImGui\Render\Logger\Logger.hpp">
      <Filter>Header Files</Filter>
    </ClInclude>
    <ClInclude Include="Impl\ImGui\Render\PluginManager\PluginManager.hpp">
      <Filter>Header Files</Filter>
    </ClInclude>
    <ClInclude Include="Impl\ImGui\Render\Profiler\ImPlot\implot.h">
      <Filter>Header Files</Filter>
    </ClInclude>
    <ClInclude Include="Impl\ImGui\Render\Profiler\ImPlot\implot_internal.h">
      <Filter>Header Files</Filter>
    </ClInclude>
    <ClInclude Include="Impl\ImGui\Render\Profiler\Profiler.hpp">
      <Filter>Header Files</Filter>
    </ClInclude>
    <ClInclude Include="Impl\ImGui\Render\Themes\Themes.hpp">
      <Filter>Header Files</Filter>
    </ClInclude>
    <ClInclude Include="Impl\ImGui\Render\render.hpp">
      <Filter>Header Files</Filter>
    </ClInclude>
    <ClInclude Include="Impl\ImGui\Defines.hpp">
      <Filter>Header Files</Filter>
    </ClInclude>
    <ClInclude Include="Impl\ImGui\imgui_iface.hpp">
      <Filter>Header Files</Filter>
    </ClInclude>
    <ClInclude Include="Impl\ImGui\Backends\imgui_impl_dx9.h">
      <Filter>Header Files</Filter>
    </ClInclude>
    <ClInclude Include="Impl\ImGui\Backends\imgui_impl_win32.h">
      <Filter>Header Files</Filter>
    </ClInclude>
  </ItemGroup>
  <ItemGroup>
    <Natvis Include="Json.natvis" />
    <Natvis Include="imgui.natvis" />
    <Natvis Include="asmjit.natvis" />
  </ItemGroup>
  <ItemGroup>
    <None Include="imgui.natstepfilter" />
  </ItemGroup>
</Project>