<?xml version="1.0" encoding="utf-8"?>
<Project ToolsVersion="4.0" xmlns="http://schemas.microsoft.com/developer/msbuild/2003">
  <ItemGroup>
    <Filter Include="Source Files">
      <UniqueIdentifier>{4FC737F1-C7A5-4376-A066-2A32D752A2FF}</UniqueIdentifier>
      <Extensions>cpp;c;cc;cxx;c++;cppm;ixx;def;odl;idl;hpj;bat;asm;asmx</Extensions>
    </Filter>
    <Filter Include="Header Files">
      <UniqueIdentifier>{93995380-89BD-4b04-88EB-625FBE52EBFB}</UniqueIdentifier>
      <Extensions>h;hh;hpp;hxx;h++;hm;inl;inc;ipp;xsd</Extensions>
    </Filter>
    <Filter Include="Resource Files">
      <UniqueIdentifier>{67DA6AB6-F800-4c08-8B7A-83BB121AAD01}</UniqueIdentifier>
      <Extensions>rc;ico;cur;bmp;dlg;rc2;rct;bin;rgs;gif;jpg;jpeg;jpe;resx;tiff;tif;png;wav;mfcribbon-ms</Extensions>
    </Filter>
  </ItemGroup>
  <ItemGroup>
    <ClCompile Include="dllmain.cpp">
      <Filter>Source Files</Filter>
    </ClCompile>
    <ClCompile Include="imgui\backends\dx9\imgui_impl_dx9.cpp">
      <Filter>Source Files</Filter>
    </ClCompile>
    <ClCompile Include="imgui\backends\win32\imgui_impl_win32.cpp">
      <Filter>Source Files</Filter>
    </ClCompile>
    <ClCompile Include="imgui\backends\dx9\Manager.cpp">
      <Filter>Source Files</Filter>
    </ClCompile>
    <ClCompile Include="detours\msdetour\creatwth.cpp">
      <Filter>Source Files</Filter>
    </ClCompile>
    <ClCompile Include="detours\msdetour\detours.cpp">
      <Filter>Source Files</Filter>
    </ClCompile>
    <ClCompile Include="detours\msdetour\disasm.cpp">
      <Filter>Source Files</Filter>
    </ClCompile>
    <ClCompile Include="detours\msdetour\disolarm.cpp">
      <Filter>Source Files</Filter>
    </ClCompile>
    <ClCompile Include="detours\msdetour\disolarm64.cpp">
      <Filter>Source Files</Filter>
    </ClCompile>
    <ClCompile Include="detours\msdetour\disolia64.cpp">
      <Filter>Source Files</Filter>
    </ClCompile>
    <ClCompile Include="detours\msdetour\disolx64.cpp">
      <Filter>Source Files</Filter>
    </ClCompile>
    <ClCompile Include="detours\msdetour\disolx86.cpp">
      <Filter>Source Files</Filter>
    </ClCompile>
    <ClCompile Include="detours\msdetour\image.cpp">
      <Filter>Source Files</Filter>
    </ClCompile>
    <ClCompile Include="detours\msdetour\modules.cpp">
      <Filter>Source Files</Filter>
    </ClCompile>
    <ClCompile Include="detours\CallContext.cpp">
      <Filter>Source Files</Filter>
    </ClCompile>
    <ClCompile Include="detours\HookInstance.cpp">
      <Filter>Source Files</Filter>
    </ClCompile>
    <ClCompile Include="detours\HooksManager.cpp">
      <Filter>Source Files</Filter>
    </ClCompile>
    <ClCompile Include="detours\SigBuilder.cpp">
      <Filter>Source Files</Filter>
    </ClCompile>
    <ClCompile Include="detours\TypeTable.cpp">
      <Filter>Source Files</Filter>
    </ClCompile>
    <ClCompile Include="logs\Logger.cpp">
      <Filter>Source Files</Filter>
    </ClCompile>
    <ClCompile Include="plugins\GameData.cpp">
      <Filter>Source Files</Filter>
    </ClCompile>
    <ClCompile Include="library\Manager.cpp">
      <Filter>Source Files</Filter>
    </ClCompile>
    <ClCompile Include="library\Module.cpp">
      <Filter>Source Files</Filter>
    </ClCompile>
    <ClCompile Include="plugins\Plugins.cpp">
      <Filter>Source Files</Filter>
    </ClCompile>
    <ClCompile Include="plugins\Context.cpp">
      <Filter>Source Files</Filter>
    </ClCompile>
    <ClCompile Include="plugins\Manager.cpp">
      <Filter>Source Files</Filter>
    </ClCompile>
    <ClCompile Include="events\Manager.cpp">
      <Filter>Source Files</Filter>
    </ClCompile>
    <ClCompile Include="console\Manager.cpp">
      <Filter>Source Files</Filter>
    </ClCompile>
    <ClCompile Include="imgui\frontends\console\commands\clear.cpp">
      <Filter>Source Files</Filter>
    </ClCompile>
    <ClCompile Include="imgui\frontends\console\commands\exec.cpp">
      <Filter>Source Files</Filter>
    </ClCompile>
    <ClCompile Include="imgui\frontends\console\commands\find.cpp">
      <Filter>Source Files</Filter>
    </ClCompile>
    <ClCompile Include="imgui\frontends\console\commands\help.cpp">
      <Filter>Source Files</Filter>
    </ClCompile>
    <ClCompile Include="imgui\frontends\console\Console.cpp">
      <Filter>Source Files</Filter>
    </ClCompile>
    <ClCompile Include="imgui\frontends\themes\Themes.cpp">
      <Filter>Source Files</Filter>
    </ClCompile>
    <ClCompile Include="imgui\backends\renderer.cpp">
      <Filter>Source Files</Filter>
    </ClCompile>
    <ClCompile Include="imgui\imgui_shared.cpp">
      <Filter>Source Files</Filter>
    </ClCompile>
    <ClCompile Include="imgui\imgui.cpp">
      <Filter>Source Files</Filter>
    </ClCompile>
    <ClCompile Include="imgui\backends\compiled_fonts\Arimo_Medium.cpp">
      <Filter>Source Files</Filter>
    </ClCompile>
    <ClCompile Include="imgui\backends\compiled_fonts\FontAwesome900_Solid.cpp">
      <Filter>Source Files</Filter>
    </ClCompile>
    <ClCompile Include="imgui\frontends\property manager\PropManager.cpp">
      <Filter>Source Files</Filter>
    </ClCompile>
    <ClCompile Include="imgui\frontends\console\Impl.cpp">
      <Filter>Source Files</Filter>
    </ClCompile>
    <ClCompile Include="imgui\frontends\property manager\Impl.cpp">
      <Filter>Source Files</Filter>
    </ClCompile>
    <ClCompile Include="imgui\frontends\plugin manager\PlInfo.cpp">
      <Filter>Source Files</Filter>
    </ClCompile>
    <ClCompile Include="imgui\frontends\plugin manager\PluginManager.cpp">
      <Filter>Source Files</Filter>
    </ClCompile>
    <ClCompile Include="imgui\frontends\plugin manager\Impl.cpp">
      <Filter>Source Files</Filter>
    </ClCompile>
    <ClCompile Include="imgui\frontends\logger\Filter.cpp">
      <Filter>Source Files</Filter>
    </ClCompile>
    <ClCompile Include="imgui\frontends\logger\JsInfo.cpp">
      <Filter>Source Files</Filter>
    </ClCompile>
    <ClCompile Include="imgui\frontends\logger\Logger.cpp">
      <Filter>Source Files</Filter>
    </ClCompile>
    <ClCompile Include="imgui\frontends\logger\Impl.cpp">
      <Filter>Source Files</Filter>
    </ClCompile>
    <ClCompile Include="imgui\frontends\profiler\ImPlot\implot.cpp">
      <Filter>Source Files</Filter>
    </ClCompile>
    <ClCompile Include="imgui\frontends\profiler\ImPlot\implot_items.cpp">
      <Filter>Source Files</Filter>
    </ClCompile>
    <ClCompile Include="imgui\frontends\profiler\Draw.cpp">
      <Filter>Source Files</Filter>
    </ClCompile>
    <ClCompile Include="imgui\frontends\profiler\Hierachy.cpp">
      <Filter>Source Files</Filter>
    </ClCompile>
    <ClCompile Include="imgui\frontends\profiler\PlotBars.cpp">
      <Filter>Source Files</Filter>
    </ClCompile>
    <ClCompile Include="imgui\frontends\profiler\Profiler.cpp">
      <Filter>Source Files</Filter>
    </ClCompile>
    <ClCompile Include="imgui\frontends\profiler\SectionHandler.cpp">
      <Filter>Source Files</Filter>
    </ClCompile>
    <ClCompile Include="imgui\frontends\profiler\Sorted.cpp">
      <Filter>Source Files</Filter>
    </ClCompile>
  </ItemGroup>
  <ItemGroup>
    <ClInclude Include="imgui\backends\dx9\imgui_impl_dx9.hpp">
      <Filter>Header Files</Filter>
    </ClInclude>
    <ClInclude Include="imgui\backends\win32\imgui_impl_win32.hpp">
      <Filter>Header Files</Filter>
    </ClInclude>
    <ClInclude Include="imgui\backends\dx9\Manager.hpp">
      <Filter>Header Files</Filter>
    </ClInclude>
    <ClInclude Include="detours\CallContext.hpp">
      <Filter>Header Files</Filter>
    </ClInclude>
    <ClInclude Include="detours\Detour.hpp">
      <Filter>Header Files</Filter>
    </ClInclude>
    <ClInclude Include="detours\HookInstance.hpp">
      <Filter>Header Files</Filter>
    </ClInclude>
    <ClInclude Include="detours\HooksManager.hpp">
      <Filter>Header Files</Filter>
    </ClInclude>
    <ClInclude Include="detours\SigBuilder.hpp">
      <Filter>Header Files</Filter>
    </ClInclude>
    <ClInclude Include="detours\TypeTable.hpp">
      <Filter>Header Files</Filter>
    </ClInclude>
    <ClInclude Include="detours\msdetour\detours.h">
      <Filter>Header Files</Filter>
    </ClInclude>
    <ClInclude Include="detours\msdetour\detver.h">
      <Filter>Header Files</Filter>
    </ClInclude>
    <ClInclude Include="logs\Logger.hpp">
      <Filter>Header Files</Filter>
    </ClInclude>
    <ClInclude Include="plugins\GameData.hpp">
      <Filter>Header Files</Filter>
    </ClInclude>
    <ClInclude Include="library\Module.hpp">
      <Filter>Header Files</Filter>
    </ClInclude>
    <ClInclude Include="library\Manager.hpp">
      <Filter>Header Files</Filter>
    </ClInclude>
    <ClInclude Include="plugins\Manager.hpp">
      <Filter>Header Files</Filter>
    </ClInclude>
    <ClInclude Include="plugins\Context.hpp">
      <Filter>Header Files</Filter>
    </ClInclude>
    <ClInclude Include="imgui\backends\States.hpp">
      <Filter>Header Files</Filter>
    </ClInclude>
    <ClInclude Include="events\Manager.hpp">
      <Filter>Header Files</Filter>
    </ClInclude>
    <ClInclude Include="console\Manager.hpp">
      <Filter>Header Files</Filter>
    </ClInclude>
    <ClInclude Include="imgui\frontends\console\Console.hpp">
      <Filter>Header Files</Filter>
    </ClInclude>
    <ClInclude Include="imgui\frontends\themes\Themes.hpp">
      <Filter>Header Files</Filter>
    </ClInclude>
    <ClInclude Include="imgui\frontends\renderer.hpp">
      <Filter>Header Files</Filter>
    </ClInclude>
    <ClInclude Include="imgui\imgui_iface.hpp">
      <Filter>Header Files</Filter>
    </ClInclude>
    <ClInclude Include="imgui\frontends\plugin manager\PluginManager.hpp">
      <Filter>Header Files</Filter>
    </ClInclude>
    <ClInclude Include="imgui\frontends\logger\Logger.hpp">
      <Filter>Header Files</Filter>
    </ClInclude>
    <ClInclude Include="imgui\frontends\profiler\ImPlot\implot.h">
      <Filter>Header Files</Filter>
    </ClInclude>
    <ClInclude Include="imgui\frontends\profiler\ImPlot\implot_internal.h">
      <Filter>Header Files</Filter>
    </ClInclude>
    <ClInclude Include="imgui\frontends\profiler\Profiler.hpp">
      <Filter>Header Files</Filter>
    </ClInclude>
  </ItemGroup>
</Project>